# THIS IS AN AUTOGENERATED FILE. DO NOT EDIT THIS FILE DIRECTLY.
# yarn lockfile v1


"@actions/core@^1.2.4":
  version "1.2.4"
  resolved "https://registry.yarnpkg.com/@actions/core/-/core-1.2.4.tgz#96179dbf9f8d951dd74b40a0dbd5c22555d186ab"
  integrity sha512-YJCEq8BE3CdN8+7HPZ/4DxJjk/OkZV2FFIf+DlZTC/4iBlzYCD5yjRR6eiOS5llO11zbRltIRuKAjMKaWTE6cg==

"@actions/github@^4.0.0":
  version "4.0.0"
  resolved "https://registry.yarnpkg.com/@actions/github/-/github-4.0.0.tgz#d520483151a2bf5d2dc9cd0f20f9ac3a2e458816"
  integrity sha512-Ej/Y2E+VV6sR9X7pWL5F3VgEWrABaT292DRqRU6R4hnQjPtC/zD3nagxVdXWiRQvYDh8kHXo7IDmG42eJ/dOMA==
  dependencies:
    "@actions/http-client" "^1.0.8"
    "@octokit/core" "^3.0.0"
    "@octokit/plugin-paginate-rest" "^2.2.3"
    "@octokit/plugin-rest-endpoint-methods" "^4.0.0"

"@actions/http-client@^1.0.8":
  version "1.0.8"
  resolved "https://registry.yarnpkg.com/@actions/http-client/-/http-client-1.0.8.tgz#8bd76e8eca89dc8bcf619aa128eba85f7a39af45"
  integrity sha512-G4JjJ6f9Hb3Zvejj+ewLLKLf99ZC+9v+yCxoYf9vSyH+WkzPLB2LuUtRMGNkooMqdugGBFStIKXOuvH1W+EctA==
  dependencies:
    tunnel "0.0.6"

"@jest/types@^25.5.0":
  version "25.5.0"
  resolved "https://registry.yarnpkg.com/@jest/types/-/types-25.5.0.tgz#4d6a4793f7b9599fc3680877b856a97dbccf2a9d"
  integrity sha512-OXD0RgQ86Tu3MazKo8bnrkDRaDXXMGUqd+kTtLtK1Zb7CRzQcaSRPPPV37SvYTdevXEBVxe0HXylEjs8ibkmCw==
  dependencies:
    "@types/istanbul-lib-coverage" "^2.0.0"
    "@types/istanbul-reports" "^1.1.1"
    "@types/yargs" "^15.0.0"
    chalk "^3.0.0"

"@octokit/auth-token@^2.4.0":
  version "2.4.2"
  resolved "https://registry.yarnpkg.com/@octokit/auth-token/-/auth-token-2.4.2.tgz#10d0ae979b100fa6b72fa0e8e63e27e6d0dbff8a"
  integrity sha512-jE/lE/IKIz2v1+/P0u4fJqv0kYwXOTujKemJMFr6FeopsxlIK3+wKDCJGnysg81XID5TgZQbIfuJ5J0lnTiuyQ==
  dependencies:
    "@octokit/types" "^5.0.0"

"@octokit/core@^3.0.0":
  version "3.1.2"
  resolved "https://registry.yarnpkg.com/@octokit/core/-/core-3.1.2.tgz#c937d5f9621b764573068fcd2e5defcc872fd9cc"
  integrity sha512-AInOFULmwOa7+NFi9F8DlDkm5qtZVmDQayi7TUgChE3yeIGPq0Y+6cAEXPexQ3Ea+uZy66hKEazR7DJyU+4wfw==
  dependencies:
    "@octokit/auth-token" "^2.4.0"
    "@octokit/graphql" "^4.3.1"
    "@octokit/request" "^5.4.0"
    "@octokit/types" "^5.0.0"
    before-after-hook "^2.1.0"
    universal-user-agent "^6.0.0"

"@octokit/endpoint@^6.0.1":
  version "6.0.5"
  resolved "https://registry.yarnpkg.com/@octokit/endpoint/-/endpoint-6.0.5.tgz#43a6adee813c5ffd2f719e20cfd14a1fee7c193a"
  integrity sha512-70K5u6zd45ItOny6aHQAsea8HHQjlQq85yqOMe+Aj8dkhN2qSJ9T+Q3YjUjEYfPRBcuUWNgMn62DQnP/4LAIiQ==
  dependencies:
    "@octokit/types" "^5.0.0"
    is-plain-object "^4.0.0"
    universal-user-agent "^6.0.0"

"@octokit/graphql@^4.3.1":
  version "4.5.3"
  resolved "https://registry.yarnpkg.com/@octokit/graphql/-/graphql-4.5.3.tgz#d5ff0d4a8a33e98614a2a7359dac98bc285e062f"
  integrity sha512-JyYvi3j2tOb5ofASEpcg1Advs07H+Ag+I+ez7buuZfNVAmh1IYcDTuxd4gnYH8S2PSGu+f5IdDGxMmkK+5zsdA==
  dependencies:
    "@octokit/request" "^5.3.0"
    "@octokit/types" "^5.0.0"
    universal-user-agent "^6.0.0"

"@octokit/openapi-types@^19.1.0":
  version "19.1.0"
  resolved "https://registry.yarnpkg.com/@octokit/openapi-types/-/openapi-types-19.1.0.tgz#75ec7e64743870fc73e1ab4bc6ec252ecdd624dc"
  integrity sha512-6G+ywGClliGQwRsjvqVYpklIfa7oRPA0vyhPQG/1Feh+B+wU0vGH1JiJ5T25d3g1JZYBHzR2qefLi9x8Gt+cpw==

"@octokit/plugin-paginate-rest@^2.2.3":
  version "2.3.0"
  resolved "https://registry.yarnpkg.com/@octokit/plugin-paginate-rest/-/plugin-paginate-rest-2.3.0.tgz#7d1073e56cfd15d3f99dcfe81fa5d2b466f3a6f6"
  integrity sha512-Ye2ZJreP0ZlqJQz8fz+hXvrEAEYK4ay7br1eDpWzr6j76VXs/gKqxFcH8qRzkB3fo/2xh4Vy9VtGii4ZDc9qlA==
  dependencies:
    "@octokit/types" "^5.2.0"

"@octokit/plugin-rest-endpoint-methods@^4.0.0":
  version "4.1.2"
  resolved "https://registry.yarnpkg.com/@octokit/plugin-rest-endpoint-methods/-/plugin-rest-endpoint-methods-4.1.2.tgz#546a8f3e0b514f434a4ad4ef926005f1c81a5a5a"
  integrity sha512-PTI7wpbGEZ2IR87TVh+TNWaLcgX/RsZQalFbQCq8XxYUrQ36RHyERrHSNXFy5gkWpspUAOYRSV707JJv6BhqJA==
  dependencies:
    "@octokit/types" "^5.1.1"
    deprecation "^2.3.1"

"@octokit/request-error@^2.0.0":
  version "2.0.2"
  resolved "https://registry.yarnpkg.com/@octokit/request-error/-/request-error-2.0.2.tgz#0e76b83f5d8fdda1db99027ea5f617c2e6ba9ed0"
  integrity sha512-2BrmnvVSV1MXQvEkrb9zwzP0wXFNbPJij922kYBTLIlIafukrGOb+ABBT2+c6wZiuyWDH1K1zmjGQ0toN/wMWw==
  dependencies:
    "@octokit/types" "^5.0.1"
    deprecation "^2.0.0"
    once "^1.4.0"

"@octokit/request-error@^5.0.0":
  version "5.0.1"
  resolved "https://registry.yarnpkg.com/@octokit/request-error/-/request-error-5.0.1.tgz#277e3ce3b540b41525e07ba24c5ef5e868a72db9"
  integrity sha512-X7pnyTMV7MgtGmiXBwmO6M5kIPrntOXdyKZLigNfQWSEQzVxR4a4vo49vJjTWX70mPndj8KhfT4Dx+2Ng3vnBQ==
  dependencies:
    "@octokit/types" "^12.0.0"
    deprecation "^2.0.0"
    once "^1.4.0"

"@octokit/request@^5.3.0", "@octokit/request@^5.4.0":
  version "5.4.7"
  resolved "https://registry.yarnpkg.com/@octokit/request/-/request-5.4.7.tgz#fd703ee092e0463ceba49ff7a3e61cb4cf8a0fde"
  integrity sha512-FN22xUDP0i0uF38YMbOfx6TotpcENP5W8yJM1e/LieGXn6IoRxDMnBf7tx5RKSW4xuUZ/1P04NFZy5iY3Rax1A==
  dependencies:
    "@octokit/endpoint" "^6.0.1"
    "@octokit/request-error" "^2.0.0"
    "@octokit/types" "^5.0.0"
    deprecation "^2.0.0"
    is-plain-object "^4.0.0"
    node-fetch "^2.3.0"
    once "^1.4.0"
    universal-user-agent "^6.0.0"

"@octokit/types@^12.0.0":
  version "12.5.0"
  resolved "https://registry.yarnpkg.com/@octokit/types/-/types-12.5.0.tgz#a60003ad6bb073e5cac936f6ecf47c834f87c058"
  integrity sha512-YJEKcb0KkJlIUNU/zjnZwHEP8AoVh/OoIcP/1IyR4UHxExz7fzpe/a8IG4wBtQi7QDEqiomVLX88S6FpxxAJtg==
  dependencies:
    "@octokit/openapi-types" "^19.1.0"

"@octokit/types@^5.0.0", "@octokit/types@^5.0.1", "@octokit/types@^5.1.1", "@octokit/types@^5.2.0":
  version "5.4.0"
  resolved "https://registry.yarnpkg.com/@octokit/types/-/types-5.4.0.tgz#25f2f8e24fec09214553168c41c06383c9d0f529"
  integrity sha512-D/uotqF69M50OIlwMqgyIg9PuLT2daOiBAYF0P40I2ekFA2ESwwBY5dxZe/UhXdPvIbNKDzuZmQrO7rMpuFbcg==
  dependencies:
    "@types/node" ">= 8"

"@octokit/webhooks-methods@^4.1.0":
  version "4.1.0"
  resolved "https://registry.yarnpkg.com/@octokit/webhooks-methods/-/webhooks-methods-4.1.0.tgz#681a6c86c9b21d4ec9e29108fb053ae7512be033"
  integrity sha512-zoQyKw8h9STNPqtm28UGOYFE7O6D4Il8VJwhAtMHFt2C4L0VQT1qGKLeefUOqHNs1mNRYSadVv7x0z8U2yyeWQ==

"@octokit/webhooks-types@7.3.2":
  version "7.3.2"
  resolved "https://registry.yarnpkg.com/@octokit/webhooks-types/-/webhooks-types-7.3.2.tgz#c4a5049b28a6d4b0c397f4db48a9112fef579ba0"
  integrity sha512-JWOoOgtWTFnTSAamPXXyjTY5/apttvNxF+vPBnwdSu5cj5snrd7FO0fyw4+wTXy8fHduq626JjhO+TwCyyA6vA==

"@octokit/webhooks@^12.1.2":
  version "12.1.2"
  resolved "https://registry.yarnpkg.com/@octokit/webhooks/-/webhooks-12.1.2.tgz#df4c5623d608c11b3b2e6aaa2b531b5f27755357"
  integrity sha512-+nGS3ReCByF6m+nbNB59x7Aa3CNjCCGuBLFzfkiJP1O3uVKKuJbkP4uO4t46YqH26nlugmOhqjT7nx5D0VPtdA==
  dependencies:
    "@octokit/request-error" "^5.0.0"
    "@octokit/webhooks-methods" "^4.1.0"
    "@octokit/webhooks-types" "7.3.2"
    aggregate-error "^3.1.0"

"@types/color-name@^1.1.1":
  version "1.1.1"
  resolved "https://registry.yarnpkg.com/@types/color-name/-/color-name-1.1.1.tgz#1c1261bbeaa10a8055bbc5d8ab84b7b2afc846a0"
  integrity sha512-rr+OQyAjxze7GgWrSaJwydHStIhHq2lvY3BOC2Mj7KnzI7XK0Uw1TOOdI9lDoajEbSWLiYgoo4f1R51erQfhPQ==

"@types/istanbul-lib-coverage@*", "@types/istanbul-lib-coverage@^2.0.0":
  version "2.0.3"
  resolved "https://registry.yarnpkg.com/@types/istanbul-lib-coverage/-/istanbul-lib-coverage-2.0.3.tgz#4ba8ddb720221f432e443bd5f9117fd22cfd4762"
  integrity sha512-sz7iLqvVUg1gIedBOvlkxPlc8/uVzyS5OwGz1cKjXzkl3FpL3al0crU8YGU1WoHkxn0Wxbw5tyi6hvzJKNzFsw==

"@types/istanbul-lib-report@*":
  version "3.0.0"
  resolved "https://registry.yarnpkg.com/@types/istanbul-lib-report/-/istanbul-lib-report-3.0.0.tgz#c14c24f18ea8190c118ee7562b7ff99a36552686"
  integrity sha512-plGgXAPfVKFoYfa9NpYDAkseG+g6Jr294RqeqcqDixSbU34MZVJRi/P+7Y8GDpzkEwLaGZZOpKIEmeVZNtKsrg==
  dependencies:
    "@types/istanbul-lib-coverage" "*"

"@types/istanbul-reports@^1.1.1":
  version "1.1.2"
  resolved "https://registry.yarnpkg.com/@types/istanbul-reports/-/istanbul-reports-1.1.2.tgz#e875cc689e47bce549ec81f3df5e6f6f11cfaeb2"
  integrity sha512-P/W9yOX/3oPZSpaYOCQzGqgCQRXn0FFO/V8bWrCQs+wLmvVVxk6CRBXALEvNs9OHIatlnlFokfhuDo2ug01ciw==
  dependencies:
    "@types/istanbul-lib-coverage" "*"
    "@types/istanbul-lib-report" "*"

"@types/jest@^26.0.9":
  version "26.0.9"
  resolved "https://registry.yarnpkg.com/@types/jest/-/jest-26.0.9.tgz#0543b57da5f0cd949c5f423a00c56c492289c989"
  integrity sha512-k4qFfJ5AUKrWok5KYXp2EPm89b0P/KZpl7Vg4XuOTVVQEhLDBDBU3iBFrjjdgd8fLw96aAtmnwhXHl63bWeBQQ==
  dependencies:
    jest-diff "^25.2.1"
    pretty-format "^25.2.1"

"@types/node@>= 8":
  version "14.0.27"
  resolved "https://registry.yarnpkg.com/@types/node/-/node-14.0.27.tgz#a151873af5a5e851b51b3b065c9e63390a9e0eb1"
  integrity sha512-kVrqXhbclHNHGu9ztnAwSncIgJv/FaxmzXJvGXNdcCpV1b8u1/Mi6z6m0vwy0LzKeXFTPLH0NzwmoJ3fNCIq0g==

"@types/yargs-parser@*":
  version "15.0.0"
  resolved "https://registry.yarnpkg.com/@types/yargs-parser/-/yargs-parser-15.0.0.tgz#cb3f9f741869e20cce330ffbeb9271590483882d"
  integrity sha512-FA/BWv8t8ZWJ+gEOnLLd8ygxH/2UFbAvgEonyfN6yWGLKc7zVjbpl2Y4CTjid9h2RfgPP6SEt6uHwEOply00yw==

"@types/yargs@^15.0.0":
  version "15.0.5"
  resolved "https://registry.yarnpkg.com/@types/yargs/-/yargs-15.0.5.tgz#947e9a6561483bdee9adffc983e91a6902af8b79"
  integrity sha512-Dk/IDOPtOgubt/IaevIUbTgV7doaKkoorvOyYM2CMwuDyP89bekI7H4xLIwunNYiK9jhCkmc6pUrJk3cj2AB9w==
  dependencies:
    "@types/yargs-parser" "*"

aggregate-error@^3.1.0:
  version "3.1.0"
  resolved "https://registry.yarnpkg.com/aggregate-error/-/aggregate-error-3.1.0.tgz#92670ff50f5359bdb7a3e0d40d0ec30c5737687a"
  integrity sha512-4I7Td01quW/RpocfNayFdFVk1qSuoh0E7JrbRJ16nH01HhKFQ88INq9Sd+nd72zqRySlr9BmDA8xlEJ6vJMrYA==
  dependencies:
    clean-stack "^2.0.0"
    indent-string "^4.0.0"

ansi-regex@^5.0.0:
  version "5.0.0"
  resolved "https://registry.yarnpkg.com/ansi-regex/-/ansi-regex-5.0.0.tgz#388539f55179bf39339c81af30a654d69f87cb75"
  integrity sha512-bY6fj56OUQ0hU1KjFNDQuJFezqKdrAyFdIevADiqrWHwSlbmBNMHp5ak2f40Pm8JTFyM2mqxkG6ngkHO11f/lg==

ansi-styles@^4.0.0, ansi-styles@^4.1.0:
  version "4.2.1"
  resolved "https://registry.yarnpkg.com/ansi-styles/-/ansi-styles-4.2.1.tgz#90ae75c424d008d2624c5bf29ead3177ebfcf359"
  integrity sha512-9VGjrMsG1vePxcSweQsN20KY/c4zN0h9fLjqAbwbPfahM3t+NL+M9HC8xeXG2I8pX5NoamTGNuomEUFI7fcUjA==
  dependencies:
    "@types/color-name" "^1.1.1"
    color-convert "^2.0.1"

balanced-match@^1.0.0:
  version "1.0.0"
  resolved "https://registry.yarnpkg.com/balanced-match/-/balanced-match-1.0.0.tgz#89b4d199ab2bee49de164ea02b89ce462d71b767"
  integrity sha1-ibTRmasr7kneFk6gK4nORi1xt2c=

before-after-hook@^2.1.0:
  version "2.1.0"
  resolved "https://registry.yarnpkg.com/before-after-hook/-/before-after-hook-2.1.0.tgz#b6c03487f44e24200dd30ca5e6a1979c5d2fb635"
  integrity sha512-IWIbu7pMqyw3EAJHzzHbWa85b6oud/yfKYg5rqB5hNE8CeMi3nX+2C2sj0HswfblST86hpVEOAb9x34NZd6P7A==

brace-expansion@^1.1.7:
  version "1.1.11"
  resolved "https://registry.yarnpkg.com/brace-expansion/-/brace-expansion-1.1.11.tgz#3c7fcbf529d87226f3d2f52b966ff5271eb441dd"
  integrity sha512-iCuPHDFgrHX7H2vEI/5xpz07zSHB00TpugqhmYtVmMO6518mCuRMoOYFldEBl0g187ufozdaHgWKcYFb61qGiA==
  dependencies:
    balanced-match "^1.0.0"
    concat-map "0.0.1"

chalk@^3.0.0:
  version "3.0.0"
  resolved "https://registry.yarnpkg.com/chalk/-/chalk-3.0.0.tgz#3f73c2bf526591f574cc492c51e2456349f844e4"
  integrity sha512-4D3B6Wf41KOYRFdszmDqMCGq5VV/uMAB273JILmO+3jAlh8X4qDtdtgCR3fxtbLEMzSx22QdhnDcJvu2u1fVwg==
  dependencies:
    ansi-styles "^4.1.0"
    supports-color "^7.1.0"

clean-stack@^2.0.0:
  version "2.2.0"
  resolved "https://registry.yarnpkg.com/clean-stack/-/clean-stack-2.2.0.tgz#ee8472dbb129e727b31e8a10a427dee9dfe4008b"
  integrity sha512-4diC9HaTE+KRAMWhDhrGOECgWZxoevMc5TlkObMqNSsVU62PYzXZ/SMTjzyGAFF1YusgxGcSWTEXBhp0CPwQ1A==

codeowners@^4.2.0:
  version "4.2.0"
  resolved "https://registry.yarnpkg.com/codeowners/-/codeowners-4.2.0.tgz#c6a1b4e44c7276032e2c37d0228cba7cd428fc6c"
  integrity sha512-RdEjvIUF/6piFwOqvF/7VgocZXOr3rzWO1apMc/CEDYSlMahF/XiCEf6reXKvfVgjvpHtNyPWdTLIqHqTgih2g==
  dependencies:
    commander "^6.0.0"
    find-up "^2.1.0"
    ignore "^3.3.3"
    is-directory "^0.3.1"
    lodash.intersection "^4.4.0"
    lodash.maxby "^4.6.0"
    lodash.padend "^4.6.1"
    "true-case-path" "^1.0.2"

color-convert@^2.0.1:
  version "2.0.1"
  resolved "https://registry.yarnpkg.com/color-convert/-/color-convert-2.0.1.tgz#72d3a68d598c9bdb3af2ad1e84f21d896abd4de3"
  integrity sha512-RRECPsj7iu/xb5oKYcsFHSppFNnsj/52OVTRKb4zP5onXwVF3zVmmToNcOfGC+CRDpfK/U584fMg38ZHCaElKQ==
  dependencies:
    color-name "~1.1.4"

color-name@~1.1.4:
  version "1.1.4"
  resolved "https://registry.yarnpkg.com/color-name/-/color-name-1.1.4.tgz#c2a09a87acbde69543de6f63fa3995c826c536a2"
  integrity sha512-dOy+3AuW3a2wNbZHIuMZpTcgjGuLU/uBL/ubcZF9OXbDo8ff4O8yVp5Bf0efS8uEoYo5q4Fx7dY9OgQGXgAsQA==

commander@^6.0.0:
  version "6.0.0"
  resolved "https://registry.yarnpkg.com/commander/-/commander-6.0.0.tgz#2b270da94f8fb9014455312f829a1129dbf8887e"
  integrity sha512-s7EA+hDtTYNhuXkTlhqew4txMZVdszBmKWSPEMxGr8ru8JXR7bLUFIAtPhcSuFdJQ0ILMxnJi8GkQL0yvDy/YA==

concat-map@0.0.1:
  version "0.0.1"
  resolved "https://registry.yarnpkg.com/concat-map/-/concat-map-0.0.1.tgz#d8a96bd77fd68df7793a73036a3ba0d5405d477b"
  integrity sha1-2Klr13/Wjfd5OnMDajug1UBdR3s=

deprecation@^2.0.0, deprecation@^2.3.1:
  version "2.3.1"
  resolved "https://registry.yarnpkg.com/deprecation/-/deprecation-2.3.1.tgz#6368cbdb40abf3373b525ac87e4a260c3a700919"
  integrity sha512-xmHIy4F3scKVwMsQ4WnVaS8bHOx0DmVwRywosKhaILI0ywMDWPtBSku2HNxRvF7jtwDRsoEwYQSfbxj8b7RlJQ==

diff-sequences@^25.2.6:
  version "25.2.6"
  resolved "https://registry.yarnpkg.com/diff-sequences/-/diff-sequences-25.2.6.tgz#5f467c00edd35352b7bca46d7927d60e687a76dd"
  integrity sha512-Hq8o7+6GaZeoFjtpgvRBUknSXNeJiCx7V9Fr94ZMljNiCr9n9L8H8aJqgWOQiDDGdyn29fRNcDdRVJ5fdyihfg==

find-up@^2.1.0:
  version "2.1.0"
  resolved "https://registry.yarnpkg.com/find-up/-/find-up-2.1.0.tgz#45d1b7e506c717ddd482775a2b77920a3c0c57a7"
  integrity sha1-RdG35QbHF93UgndaK3eSCjwMV6c=
  dependencies:
    locate-path "^2.0.0"

fs.realpath@^1.0.0:
  version "1.0.0"
  resolved "https://registry.yarnpkg.com/fs.realpath/-/fs.realpath-1.0.0.tgz#1504ad2523158caa40db4a2787cb01411994ea4f"
  integrity sha1-FQStJSMVjKpA20onh8sBQRmU6k8=

glob@^7.1.2:
  version "7.1.4"
  resolved "https://registry.yarnpkg.com/glob/-/glob-7.1.4.tgz#aa608a2f6c577ad357e1ae5a5c26d9a8d1969255"
  integrity sha512-hkLPepehmnKk41pUGm3sYxoFs/umurYfYJCerbXEyFIWcAzvpipAgVkBqqT9RBKMGjnq6kMuyYwha6csxbiM1A==
  dependencies:
    fs.realpath "^1.0.0"
    inflight "^1.0.4"
    inherits "2"
    minimatch "^3.0.4"
    once "^1.3.0"
    path-is-absolute "^1.0.0"

has-flag@^4.0.0:
  version "4.0.0"
  resolved "https://registry.yarnpkg.com/has-flag/-/has-flag-4.0.0.tgz#944771fd9c81c81265c4d6941860da06bb59479b"
  integrity sha512-EykJT/Q1KjTWctppgIAgfSO0tKVuZUjhgMr17kqTumMl6Afv3EISleU7qZUzoXDFTAHTDC4NOoG/ZxU3EvlMPQ==

ignore@^3.3.3:
  version "3.3.10"
  resolved "https://registry.yarnpkg.com/ignore/-/ignore-3.3.10.tgz#0a97fb876986e8081c631160f8f9f389157f0043"
  integrity sha512-Pgs951kaMm5GXP7MOvxERINe3gsaVjUWFm+UZPSq9xYriQAksyhg0csnS0KXSNRD5NmNdapXEpjxG49+AKh/ug==

indent-string@^4.0.0:
  version "4.0.0"
  resolved "https://registry.yarnpkg.com/indent-string/-/indent-string-4.0.0.tgz#624f8f4497d619b2d9768531d58f4122854d7251"
  integrity sha512-EdDDZu4A2OyIK7Lr/2zG+w5jmbuk1DVBnEwREQvBzspBJkCEbRa8GxU1lghYcaGJCnRWibjDXlq779X1/y5xwg==

inflight@^1.0.4:
  version "1.0.6"
  resolved "https://registry.yarnpkg.com/inflight/-/inflight-1.0.6.tgz#49bd6331d7d02d0c09bc910a1075ba8165b56df9"
  integrity sha1-Sb1jMdfQLQwJvJEKEHW6gWW1bfk=
  dependencies:
    once "^1.3.0"
    wrappy "1"

inherits@2:
  version "2.0.4"
  resolved "https://registry.yarnpkg.com/inherits/-/inherits-2.0.4.tgz#0fa2c64f932917c3433a0ded55363aae37416b7c"
  integrity sha512-k/vGaX4/Yla3WzyMCvTQOXYeIHvqOKtnqBduzTHpzpQZzAskKMhZ2K+EnBiSM9zGSoIFeMpXKxa4dYeZIQqewQ==

is-directory@^0.3.1:
  version "0.3.1"
  resolved "https://registry.yarnpkg.com/is-directory/-/is-directory-0.3.1.tgz#61339b6f2475fc772fd9c9d83f5c8575dc154ae1"
  integrity sha1-YTObbyR1/Hcv2cnYP1yFddwVSuE=

is-plain-object@^4.0.0:
  version "4.1.1"
  resolved "https://registry.yarnpkg.com/is-plain-object/-/is-plain-object-4.1.1.tgz#1a14d6452cbd50790edc7fdaa0aed5a40a35ebb5"
  integrity sha512-5Aw8LLVsDlZsETVMhoMXzqsXwQqr/0vlnBYzIXJbYo2F4yYlhLHs+Ez7Bod7IIQKWkJbJfxrWD7pA1Dw1TKrwA==

jest-diff@^25.2.1:
  version "25.5.0"
  resolved "https://registry.yarnpkg.com/jest-diff/-/jest-diff-25.5.0.tgz#1dd26ed64f96667c068cef026b677dfa01afcfa9"
  integrity sha512-z1kygetuPiREYdNIumRpAHY6RXiGmp70YHptjdaxTWGmA085W3iCnXNx0DhflK3vwrKmrRWyY1wUpkPMVxMK7A==
  dependencies:
    chalk "^3.0.0"
    diff-sequences "^25.2.6"
    jest-get-type "^25.2.6"
    pretty-format "^25.5.0"

jest-get-type@^25.2.6:
  version "25.2.6"
  resolved "https://registry.yarnpkg.com/jest-get-type/-/jest-get-type-25.2.6.tgz#0b0a32fab8908b44d508be81681487dbabb8d877"
  integrity sha512-DxjtyzOHjObRM+sM1knti6or+eOgcGU4xVSb2HNP1TqO4ahsT+rqZg+nyqHWJSvWgKC5cG3QjGFBqxLghiF/Ig==

locate-path@^2.0.0:
  version "2.0.0"
  resolved "https://registry.yarnpkg.com/locate-path/-/locate-path-2.0.0.tgz#2b568b265eec944c6d9c0de9c3dbbbca0354cd8e"
  integrity sha1-K1aLJl7slExtnA3pw9u7ygNUzY4=
  dependencies:
    p-locate "^2.0.0"
    path-exists "^3.0.0"

lodash.intersection@^4.4.0:
  version "4.4.0"
  resolved "https://registry.yarnpkg.com/lodash.intersection/-/lodash.intersection-4.4.0.tgz#0a11ba631d0e95c23c7f2f4cbb9a692ed178e705"
  integrity sha1-ChG6Yx0OlcI8fy9Mu5ppLtF45wU=

lodash.maxby@^4.6.0:
  version "4.6.0"
  resolved "https://registry.yarnpkg.com/lodash.maxby/-/lodash.maxby-4.6.0.tgz#082240068f3c7a227aa00a8380e4f38cf0786e3d"
  integrity sha1-CCJABo88eiJ6oAqDgOTzjPB4bj0=

lodash.padend@^4.6.1:
  version "4.6.1"
  resolved "https://registry.yarnpkg.com/lodash.padend/-/lodash.padend-4.6.1.tgz#53ccba047d06e158d311f45da625f4e49e6f166e"
  integrity sha1-U8y6BH0G4VjTEfRdpiX05J5vFm4=

minimatch@^3.0.4:
  version "3.0.4"
  resolved "https://registry.yarnpkg.com/minimatch/-/minimatch-3.0.4.tgz#5166e286457f03306064be5497e8dbb0c3d32083"
  integrity sha512-yJHVQEhyqPLUTgt9B83PXu6W3rx4MvvHvSUvToogpwoGDOUQ+yDrR0HRot+yOCdCO7u4hX3pWft6kWBBcqh0UA==
  dependencies:
    brace-expansion "^1.1.7"

node-fetch@^2.3.0:
  version "2.6.0"
  resolved "https://registry.yarnpkg.com/node-fetch/-/node-fetch-2.6.0.tgz#e633456386d4aa55863f676a7ab0daa8fdecb0fd"
  integrity sha512-8dG4H5ujfvFiqDmVu9fQ5bOHUC15JMjMY/Zumv26oOvvVJjM67KF8koCWIabKQ1GJIa9r2mMZscBq/TbdOcmNA==

once@^1.3.0, once@^1.4.0:
  version "1.4.0"
  resolved "https://registry.yarnpkg.com/once/-/once-1.4.0.tgz#583b1aa775961d4b113ac17d9c50baef9dd76bd1"
  integrity sha1-WDsap3WWHUsROsF9nFC6753Xa9E=
  dependencies:
    wrappy "1"

p-limit@^1.1.0:
  version "1.3.0"
  resolved "https://registry.yarnpkg.com/p-limit/-/p-limit-1.3.0.tgz#b86bd5f0c25690911c7590fcbfc2010d54b3ccb8"
  integrity sha512-vvcXsLAJ9Dr5rQOPk7toZQZJApBl2K4J6dANSsEuh6QI41JYcsS/qhTGa9ErIUUgK3WNQoJYvylxvjqmiqEA9Q==
  dependencies:
    p-try "^1.0.0"

p-locate@^2.0.0:
  version "2.0.0"
  resolved "https://registry.yarnpkg.com/p-locate/-/p-locate-2.0.0.tgz#20a0103b222a70c8fd39cc2e580680f3dde5ec43"
  integrity sha1-IKAQOyIqcMj9OcwuWAaA893l7EM=
  dependencies:
    p-limit "^1.1.0"

p-try@^1.0.0:
  version "1.0.0"
  resolved "https://registry.yarnpkg.com/p-try/-/p-try-1.0.0.tgz#cbc79cdbaf8fd4228e13f621f2b1a237c1b207b3"
  integrity sha1-y8ec26+P1CKOE/Yh8rGiN8GyB7M=

path-exists@^3.0.0:
  version "3.0.0"
  resolved "https://registry.yarnpkg.com/path-exists/-/path-exists-3.0.0.tgz#ce0ebeaa5f78cb18925ea7d810d7b59b010fd515"
  integrity sha1-zg6+ql94yxiSXqfYENe1mwEP1RU=

path-is-absolute@^1.0.0:
  version "1.0.1"
  resolved "https://registry.yarnpkg.com/path-is-absolute/-/path-is-absolute-1.0.1.tgz#174b9268735534ffbc7ace6bf53a5a9e1b5c5f5f"
  integrity sha1-F0uSaHNVNP+8es5r9TpanhtcX18=

pretty-format@^25.2.1, pretty-format@^25.5.0:
  version "25.5.0"
  resolved "https://registry.yarnpkg.com/pretty-format/-/pretty-format-25.5.0.tgz#7873c1d774f682c34b8d48b6743a2bf2ac55791a"
  integrity sha512-kbo/kq2LQ/A/is0PQwsEHM7Ca6//bGPPvU6UnsdDRSKTWxT/ru/xb88v4BJf6a69H+uTytOEsTusT9ksd/1iWQ==
  dependencies:
    "@jest/types" "^25.5.0"
    ansi-regex "^5.0.0"
    ansi-styles "^4.0.0"
    react-is "^16.12.0"

react-is@^16.12.0:
  version "16.13.1"
  resolved "https://registry.yarnpkg.com/react-is/-/react-is-16.13.1.tgz#789729a4dc36de2999dc156dd6c1d9c18cea56a4"
  integrity sha512-24e6ynE2H+OKt4kqsOvNd8kBpV65zoxbA4BVsEOB3ARVWQki/DHzaUoC5KuON/BiccDaCCTZBuOcfZs70kR8bQ==

supports-color@^7.1.0:
  version "7.1.0"
  resolved "https://registry.yarnpkg.com/supports-color/-/supports-color-7.1.0.tgz#68e32591df73e25ad1c4b49108a2ec507962bfd1"
  integrity sha512-oRSIpR8pxT1Wr2FquTNnGet79b3BWljqOuoW/h4oBhxJ/HUbX5nX6JSruTkvXDCFMwDPvsaTTbvMLKZWSy0R5g==
  dependencies:
    has-flag "^4.0.0"

"true-case-path@^1.0.2":
  version "1.0.3"
  resolved "https://registry.yarnpkg.com/true-case-path/-/true-case-path-1.0.3.tgz#f813b5a8c86b40da59606722b144e3225799f47d"
  integrity sha512-m6s2OdQe5wgpFMC+pAJ+q9djG82O2jcHPOI6RNg1yy9rCYR+WD6Nbpl32fDpfC56nirdRy+opFa/Vk7HYhqaew==
  dependencies:
    glob "^7.1.2"

tunnel@0.0.6:
  version "0.0.6"
  resolved "https://registry.yarnpkg.com/tunnel/-/tunnel-0.0.6.tgz#72f1314b34a5b192db012324df2cc587ca47f92c"
  integrity sha512-1h/Lnq9yajKY2PEbBadPXj3VxsDDu844OnaAo52UVmIzIvwwtBPIuNvkjuzBlTWpfJyUbG3ez0KSBibQkj4ojg==

universal-user-agent@^6.0.0:
  version "6.0.0"
  resolved "https://registry.yarnpkg.com/universal-user-agent/-/universal-user-agent-6.0.0.tgz#3381f8503b251c0d9cd21bc1de939ec9df5480ee"
  integrity sha512-isyNax3wXoKaulPDZWHQqbmIx1k2tb9fb3GGDBRxCscfYV2Ch7WxPArBsFEG8s/safwXTT7H4QGhaIkTp9447w==

wrappy@1:
  version "1.0.2"
  resolved "https://registry.yarnpkg.com/wrappy/-/wrappy-1.0.2.tgz#b5243d8f3ec1aa35f1364605bc0d1036e30ab69f"
  integrity sha1-tSQ9jz7BqjXxNkYFvA0QNuMKtp8=
